// !$*UTF8*$!
{
	archiveVersion = 1;
	classes = {
	};
	objectVersion = 46;
	objects = {

/* Begin PBXBuildFile section */
		1AB9B65BD37B488CC1787CE1 /* libPods-JoggerTests.a in Frameworks */ = {isa = PBXBuildFile; fileRef = 563F756ABA48BDF2A03278A4 /* libPods-JoggerTests.a */; };
		271777CF1C0A5CD9005FE4E0 /* MapKit.framework in Frameworks */ = {isa = PBXBuildFile; fileRef = 271777CE1C0A5CD9005FE4E0 /* MapKit.framework */; };
		271777D21C0AA763005FE4E0 /* Pin.m in Sources */ = {isa = PBXBuildFile; fileRef = 271777D11C0AA763005FE4E0 /* Pin.m */; };
		271777D31C0AA763005FE4E0 /* Pin.m in Sources */ = {isa = PBXBuildFile; fileRef = 271777D11C0AA763005FE4E0 /* Pin.m */; };
		271777D41C0AA763005FE4E0 /* Pin.m in Sources */ = {isa = PBXBuildFile; fileRef = 271777D11C0AA763005FE4E0 /* Pin.m */; };
		271777E51C0C0887005FE4E0 /* Localizable.strings in Resources */ = {isa = PBXBuildFile; fileRef = 271777E41C0C0887005FE4E0 /* Localizable.strings */; };
		271777E61C0C0887005FE4E0 /* Localizable.strings in Resources */ = {isa = PBXBuildFile; fileRef = 271777E41C0C0887005FE4E0 /* Localizable.strings */; };
		271777E71C0C0887005FE4E0 /* Localizable.strings in Resources */ = {isa = PBXBuildFile; fileRef = 271777E41C0C0887005FE4E0 /* Localizable.strings */; };
		271777EB1C0D1261005FE4E0 /* FileLogging.m in Sources */ = {isa = PBXBuildFile; fileRef = 271777EA1C0D1261005FE4E0 /* FileLogging.m */; };
		271777EC1C0D1261005FE4E0 /* FileLogging.m in Sources */ = {isa = PBXBuildFile; fileRef = 271777EA1C0D1261005FE4E0 /* FileLogging.m */; };
		271777ED1C0D1261005FE4E0 /* FileLogging.m in Sources */ = {isa = PBXBuildFile; fileRef = 271777EA1C0D1261005FE4E0 /* FileLogging.m */; };
		271777F11C0D4D5B005FE4E0 /* Trip.m in Sources */ = {isa = PBXBuildFile; fileRef = 271777F01C0D4D5B005FE4E0 /* Trip.m */; };
		271777F21C0D4D5B005FE4E0 /* Trip.m in Sources */ = {isa = PBXBuildFile; fileRef = 271777F01C0D4D5B005FE4E0 /* Trip.m */; };
		271777F31C0D4D5B005FE4E0 /* Trip.m in Sources */ = {isa = PBXBuildFile; fileRef = 271777F01C0D4D5B005FE4E0 /* Trip.m */; };
		271777F61C0E98CA005FE4E0 /* TripFactory.m in Sources */ = {isa = PBXBuildFile; fileRef = 271777F51C0E98CA005FE4E0 /* TripFactory.m */; };
		271777F71C0E98CA005FE4E0 /* TripFactory.m in Sources */ = {isa = PBXBuildFile; fileRef = 271777F51C0E98CA005FE4E0 /* TripFactory.m */; };
		271777F81C0E98CA005FE4E0 /* TripFactory.m in Sources */ = {isa = PBXBuildFile; fileRef = 271777F51C0E98CA005FE4E0 /* TripFactory.m */; };
		271778011C0EA705005FE4E0 /* DDFileReader.m in Sources */ = {isa = PBXBuildFile; fileRef = 271778001C0EA705005FE4E0 /* DDFileReader.m */; };
		271778021C0EA705005FE4E0 /* DDFileReader.m in Sources */ = {isa = PBXBuildFile; fileRef = 271778001C0EA705005FE4E0 /* DDFileReader.m */; };
		271778031C0EA705005FE4E0 /* DDFileReader.m in Sources */ = {isa = PBXBuildFile; fileRef = 271778001C0EA705005FE4E0 /* DDFileReader.m */; };
		274F85B41C1BCFE100D83E5A /* MapView.xib in Resources */ = {isa = PBXBuildFile; fileRef = 274F85B31C1BCFE100D83E5A /* MapView.xib */; };
		274F85B51C1BCFE100D83E5A /* MapView.xib in Resources */ = {isa = PBXBuildFile; fileRef = 274F85B31C1BCFE100D83E5A /* MapView.xib */; };
		274F85B61C1BCFE100D83E5A /* MapView.xib in Resources */ = {isa = PBXBuildFile; fileRef = 274F85B31C1BCFE100D83E5A /* MapView.xib */; };
		274F85BE1C1BD0E200D83E5A /* MapViewController.m in Sources */ = {isa = PBXBuildFile; fileRef = 274F85BD1C1BD0E200D83E5A /* MapViewController.m */; };
		274F85BF1C1BD0E200D83E5A /* MapViewController.m in Sources */ = {isa = PBXBuildFile; fileRef = 274F85BD1C1BD0E200D83E5A /* MapViewController.m */; };
		274F85C01C1BD0E200D83E5A /* MapViewController.m in Sources */ = {isa = PBXBuildFile; fileRef = 274F85BD1C1BD0E200D83E5A /* MapViewController.m */; };
		274F85CC1C1BE01900D83E5A /* ScoringViewController.m in Sources */ = {isa = PBXBuildFile; fileRef = 274F85CB1C1BE01900D83E5A /* ScoringViewController.m */; };
		274F85CD1C1BE01900D83E5A /* ScoringViewController.m in Sources */ = {isa = PBXBuildFile; fileRef = 274F85CB1C1BE01900D83E5A /* ScoringViewController.m */; };
		274F85CE1C1BE01900D83E5A /* ScoringViewController.m in Sources */ = {isa = PBXBuildFile; fileRef = 274F85CB1C1BE01900D83E5A /* ScoringViewController.m */; };
		274F85D11C2CD24600D83E5A /* MoreViewController.m in Sources */ = {isa = PBXBuildFile; fileRef = 274F85D01C2CD24600D83E5A /* MoreViewController.m */; };
		274F85D21C2CD24600D83E5A /* MoreViewController.m in Sources */ = {isa = PBXBuildFile; fileRef = 274F85D01C2CD24600D83E5A /* MoreViewController.m */; };
		274F85D31C2CD24600D83E5A /* MoreViewController.m in Sources */ = {isa = PBXBuildFile; fileRef = 274F85D01C2CD24600D83E5A /* MoreViewController.m */; };
		275CAD131C0A537300190036 /* main.m in Sources */ = {isa = PBXBuildFile; fileRef = 275CAD121C0A537300190036 /* main.m */; };
		275CAD161C0A537300190036 /* AppDelegate.m in Sources */ = {isa = PBXBuildFile; fileRef = 275CAD151C0A537300190036 /* AppDelegate.m */; };
		275CAD191C0A537300190036 /* RecordTripViewController.m in Sources */ = {isa = PBXBuildFile; fileRef = 275CAD181C0A537300190036 /* RecordTripViewController.m */; };
		275CAD1C1C0A537300190036 /* Main.storyboard in Resources */ = {isa = PBXBuildFile; fileRef = 275CAD1A1C0A537300190036 /* Main.storyboard */; };
		275CAD1F1C0A537300190036 /* Jogger.xcdatamodeld in Sources */ = {isa = PBXBuildFile; fileRef = 275CAD1D1C0A537300190036 /* Jogger.xcdatamodeld */; };
		275CAD211C0A537300190036 /* Assets.xcassets in Resources */ = {isa = PBXBuildFile; fileRef = 275CAD201C0A537300190036 /* Assets.xcassets */; };
		275CAD241C0A537300190036 /* LaunchScreen.storyboard in Resources */ = {isa = PBXBuildFile; fileRef = 275CAD221C0A537300190036 /* LaunchScreen.storyboard */; };
		275CAD2F1C0A537300190036 /* JoggerTests.m in Sources */ = {isa = PBXBuildFile; fileRef = 275CAD2E1C0A537300190036 /* JoggerTests.m */; };
		275CAD3A1C0A537300190036 /* JoggerUITests.m in Sources */ = {isa = PBXBuildFile; fileRef = 275CAD391C0A537300190036 /* JoggerUITests.m */; };
		278487911C138359003EBCF6 /* TripDrawer.m in Sources */ = {isa = PBXBuildFile; fileRef = 278487901C138359003EBCF6 /* TripDrawer.m */; };
		278487921C138359003EBCF6 /* TripDrawer.m in Sources */ = {isa = PBXBuildFile; fileRef = 278487901C138359003EBCF6 /* TripDrawer.m */; };
		278487931C138359003EBCF6 /* TripDrawer.m in Sources */ = {isa = PBXBuildFile; fileRef = 278487901C138359003EBCF6 /* TripDrawer.m */; };
		27DE81601C140BB500012334 /* SpeedEvent.m in Sources */ = {isa = PBXBuildFile; fileRef = 27DE815F1C140BB500012334 /* SpeedEvent.m */; };
		27DE81611C140BB500012334 /* SpeedEvent.m in Sources */ = {isa = PBXBuildFile; fileRef = 27DE815F1C140BB500012334 /* SpeedEvent.m */; };
		27DE81621C140BB500012334 /* SpeedEvent.m in Sources */ = {isa = PBXBuildFile; fileRef = 27DE815F1C140BB500012334 /* SpeedEvent.m */; };
		2DD29235C155A4657646E38D /* libPods-JoggerUITests.a in Frameworks */ = {isa = PBXBuildFile; fileRef = 3DE0BBD0579EC7439CD61996 /* libPods-JoggerUITests.a */; };
		F9DD7630E52C7B8C3EB70CC0 /* libPods-Jogger.a in Frameworks */ = {isa = PBXBuildFile; fileRef = 2030390A92F16C86F93F71E8 /* libPods-Jogger.a */; };
/* End PBXBuildFile section */

/* Begin PBXContainerItemProxy section */
		275CAD2B1C0A537300190036 /* PBXContainerItemProxy */ = {
			isa = PBXContainerItemProxy;
			containerPortal = 275CAD061C0A537200190036 /* Project object */;
			proxyType = 1;
			remoteGlobalIDString = 275CAD0D1C0A537200190036;
			remoteInfo = Jogger;
		};
		275CAD361C0A537300190036 /* PBXContainerItemProxy */ = {
			isa = PBXContainerItemProxy;
			containerPortal = 275CAD061C0A537200190036 /* Project object */;
			proxyType = 1;
			remoteGlobalIDString = 275CAD0D1C0A537200190036;
			remoteInfo = Jogger;
		};
/* End PBXContainerItemProxy section */

/* Begin PBXFileReference section */
		2030390A92F16C86F93F71E8 /* libPods-Jogger.a */ = {isa = PBXFileReference; explicitFileType = archive.ar; includeInIndex = 0; path = "libPods-Jogger.a"; sourceTree = BUILT_PRODUCTS_DIR; };
		271777CE1C0A5CD9005FE4E0 /* MapKit.framework */ = {isa = PBXFileReference; lastKnownFileType = wrapper.framework; name = MapKit.framework; path = System/Library/Frameworks/MapKit.framework; sourceTree = SDKROOT; };
		271777D01C0AA763005FE4E0 /* Pin.h */ = {isa = PBXFileReference; fileEncoding = 4; lastKnownFileType = sourcecode.c.h; name = Pin.h; path = ../Pin.h; sourceTree = "<group>"; };
		271777D11C0AA763005FE4E0 /* Pin.m */ = {isa = PBXFileReference; fileEncoding = 4; lastKnownFileType = sourcecode.c.objc; name = Pin.m; path = ../Pin.m; sourceTree = "<group>"; };
		271777E41C0C0887005FE4E0 /* Localizable.strings */ = {isa = PBXFileReference; fileEncoding = 4; lastKnownFileType = text.plist.strings; path = Localizable.strings; sourceTree = "<group>"; };
		271777E81C0C0C58005FE4E0 /* Colors.h */ = {isa = PBXFileReference; fileEncoding = 4; lastKnownFileType = sourcecode.c.h; path = Colors.h; sourceTree = "<group>"; };
		271777E91C0D1261005FE4E0 /* FileLogging.h */ = {isa = PBXFileReference; fileEncoding = 4; lastKnownFileType = sourcecode.c.h; path = FileLogging.h; sourceTree = "<group>"; };
		271777EA1C0D1261005FE4E0 /* FileLogging.m */ = {isa = PBXFileReference; fileEncoding = 4; lastKnownFileType = sourcecode.c.objc; path = FileLogging.m; sourceTree = "<group>"; };
		271777EE1C0D1767005FE4E0 /* Numbers.h */ = {isa = PBXFileReference; lastKnownFileType = sourcecode.c.h; path = Numbers.h; sourceTree = "<group>"; };
		271777EF1C0D4D5B005FE4E0 /* Trip.h */ = {isa = PBXFileReference; fileEncoding = 4; lastKnownFileType = sourcecode.c.h; path = Trip.h; sourceTree = "<group>"; };
		271777F01C0D4D5B005FE4E0 /* Trip.m */ = {isa = PBXFileReference; fileEncoding = 4; lastKnownFileType = sourcecode.c.objc; path = Trip.m; sourceTree = "<group>"; };
		271777F41C0E98CA005FE4E0 /* TripFactory.h */ = {isa = PBXFileReference; fileEncoding = 4; lastKnownFileType = sourcecode.c.h; path = TripFactory.h; sourceTree = "<group>"; };
		271777F51C0E98CA005FE4E0 /* TripFactory.m */ = {isa = PBXFileReference; fileEncoding = 4; lastKnownFileType = sourcecode.c.objc; path = TripFactory.m; sourceTree = "<group>"; };
		271777FE1C0E9C6F005FE4E0 /* Settings.h */ = {isa = PBXFileReference; fileEncoding = 4; lastKnownFileType = sourcecode.c.h; path = Settings.h; sourceTree = "<group>"; };
		271777FF1C0EA705005FE4E0 /* DDFileReader.h */ = {isa = PBXFileReference; fileEncoding = 4; lastKnownFileType = sourcecode.c.h; path = DDFileReader.h; sourceTree = "<group>"; };
		271778001C0EA705005FE4E0 /* DDFileReader.m */ = {isa = PBXFileReference; fileEncoding = 4; lastKnownFileType = sourcecode.c.objc; path = DDFileReader.m; sourceTree = "<group>"; };
		274F85B31C1BCFE100D83E5A /* MapView.xib */ = {isa = PBXFileReference; fileEncoding = 4; lastKnownFileType = file.xib; path = MapView.xib; sourceTree = "<group>"; };
		274F85BC1C1BD0E200D83E5A /* MapViewController.h */ = {isa = PBXFileReference; fileEncoding = 4; lastKnownFileType = sourcecode.c.h; path = MapViewController.h; sourceTree = "<group>"; };
		274F85BD1C1BD0E200D83E5A /* MapViewController.m */ = {isa = PBXFileReference; fileEncoding = 4; lastKnownFileType = sourcecode.c.objc; path = MapViewController.m; sourceTree = "<group>"; };
		274F85CA1C1BE01900D83E5A /* ScoringViewController.h */ = {isa = PBXFileReference; fileEncoding = 4; lastKnownFileType = sourcecode.c.h; path = ScoringViewController.h; sourceTree = "<group>"; };
		274F85CB1C1BE01900D83E5A /* ScoringViewController.m */ = {isa = PBXFileReference; fileEncoding = 4; lastKnownFileType = sourcecode.c.objc; path = ScoringViewController.m; sourceTree = "<group>"; };
		274F85CF1C2CD24600D83E5A /* MoreViewController.h */ = {isa = PBXFileReference; fileEncoding = 4; lastKnownFileType = sourcecode.c.h; path = MoreViewController.h; sourceTree = "<group>"; };
		274F85D01C2CD24600D83E5A /* MoreViewController.m */ = {isa = PBXFileReference; fileEncoding = 4; lastKnownFileType = sourcecode.c.objc; path = MoreViewController.m; sourceTree = "<group>"; };
		275CAD0E1C0A537200190036 /* Jogger.app */ = {isa = PBXFileReference; explicitFileType = wrapper.application; includeInIndex = 0; path = Jogger.app; sourceTree = BUILT_PRODUCTS_DIR; };
		275CAD121C0A537300190036 /* main.m */ = {isa = PBXFileReference; lastKnownFileType = sourcecode.c.objc; path = main.m; sourceTree = "<group>"; };
		275CAD141C0A537300190036 /* AppDelegate.h */ = {isa = PBXFileReference; lastKnownFileType = sourcecode.c.h; path = AppDelegate.h; sourceTree = "<group>"; };
		275CAD151C0A537300190036 /* AppDelegate.m */ = {isa = PBXFileReference; lastKnownFileType = sourcecode.c.objc; path = AppDelegate.m; sourceTree = "<group>"; };
		275CAD171C0A537300190036 /* RecordTripViewController.h */ = {isa = PBXFileReference; lastKnownFileType = sourcecode.c.h; path = RecordTripViewController.h; sourceTree = "<group>"; };
		275CAD181C0A537300190036 /* RecordTripViewController.m */ = {isa = PBXFileReference; lastKnownFileType = sourcecode.c.objc; path = RecordTripViewController.m; sourceTree = "<group>"; };
		275CAD1B1C0A537300190036 /* Base */ = {isa = PBXFileReference; lastKnownFileType = file.storyboard; name = Base; path = Base.lproj/Main.storyboard; sourceTree = "<group>"; };
		275CAD1E1C0A537300190036 /* Jogger.xcdatamodel */ = {isa = PBXFileReference; lastKnownFileType = wrapper.xcdatamodel; path = Jogger.xcdatamodel; sourceTree = "<group>"; };
		275CAD201C0A537300190036 /* Assets.xcassets */ = {isa = PBXFileReference; lastKnownFileType = folder.assetcatalog; path = Assets.xcassets; sourceTree = "<group>"; };
		275CAD231C0A537300190036 /* Base */ = {isa = PBXFileReference; lastKnownFileType = file.storyboard; name = Base; path = Base.lproj/LaunchScreen.storyboard; sourceTree = "<group>"; };
		275CAD251C0A537300190036 /* Info.plist */ = {isa = PBXFileReference; lastKnownFileType = text.plist.xml; path = Info.plist; sourceTree = "<group>"; };
		275CAD2A1C0A537300190036 /* JoggerTests.xctest */ = {isa = PBXFileReference; explicitFileType = wrapper.cfbundle; includeInIndex = 0; path = JoggerTests.xctest; sourceTree = BUILT_PRODUCTS_DIR; };
		275CAD2E1C0A537300190036 /* JoggerTests.m */ = {isa = PBXFileReference; lastKnownFileType = sourcecode.c.objc; path = JoggerTests.m; sourceTree = "<group>"; };
		275CAD301C0A537300190036 /* Info.plist */ = {isa = PBXFileReference; lastKnownFileType = text.plist.xml; path = Info.plist; sourceTree = "<group>"; };
		275CAD351C0A537300190036 /* JoggerUITests.xctest */ = {isa = PBXFileReference; explicitFileType = wrapper.cfbundle; includeInIndex = 0; path = JoggerUITests.xctest; sourceTree = BUILT_PRODUCTS_DIR; };
		275CAD391C0A537300190036 /* JoggerUITests.m */ = {isa = PBXFileReference; lastKnownFileType = sourcecode.c.objc; path = JoggerUITests.m; sourceTree = "<group>"; };
		275CAD3B1C0A537300190036 /* Info.plist */ = {isa = PBXFileReference; lastKnownFileType = text.plist.xml; path = Info.plist; sourceTree = "<group>"; };
		2784878F1C138359003EBCF6 /* TripDrawer.h */ = {isa = PBXFileReference; fileEncoding = 4; lastKnownFileType = sourcecode.c.h; path = TripDrawer.h; sourceTree = "<group>"; };
		278487901C138359003EBCF6 /* TripDrawer.m */ = {isa = PBXFileReference; fileEncoding = 4; lastKnownFileType = sourcecode.c.objc; path = TripDrawer.m; sourceTree = "<group>"; };
		27DE815A1C1403C600012334 /* SpeedEvent.h */ = {isa = PBXFileReference; fileEncoding = 4; lastKnownFileType = sourcecode.c.h; path = SpeedEvent.h; sourceTree = "<group>"; };
		27DE815F1C140BB500012334 /* SpeedEvent.m */ = {isa = PBXFileReference; fileEncoding = 4; lastKnownFileType = sourcecode.c.objc; path = SpeedEvent.m; sourceTree = "<group>"; };
		3DE0BBD0579EC7439CD61996 /* libPods-JoggerUITests.a */ = {isa = PBXFileReference; explicitFileType = archive.ar; includeInIndex = 0; path = "libPods-JoggerUITests.a"; sourceTree = BUILT_PRODUCTS_DIR; };
		4CFC0E86FF5BA47D785C2E12 /* Pods-JoggerUITests.debug.xcconfig */ = {isa = PBXFileReference; includeInIndex = 1; lastKnownFileType = text.xcconfig; name = "Pods-JoggerUITests.debug.xcconfig"; path = "Pods/Target Support Files/Pods-JoggerUITests/Pods-JoggerUITests.debug.xcconfig"; sourceTree = "<group>"; };
		563F756ABA48BDF2A03278A4 /* libPods-JoggerTests.a */ = {isa = PBXFileReference; explicitFileType = archive.ar; includeInIndex = 0; path = "libPods-JoggerTests.a"; sourceTree = BUILT_PRODUCTS_DIR; };
		5F73448426012F956B53160A /* Pods-Jogger.debug.xcconfig */ = {isa = PBXFileReference; includeInIndex = 1; lastKnownFileType = text.xcconfig; name = "Pods-Jogger.debug.xcconfig"; path = "Pods/Target Support Files/Pods-Jogger/Pods-Jogger.debug.xcconfig"; sourceTree = "<group>"; };
		8994273B8C82C1F95A3D2A64 /* Pods-JoggerUITests.release.xcconfig */ = {isa = PBXFileReference; includeInIndex = 1; lastKnownFileType = text.xcconfig; name = "Pods-JoggerUITests.release.xcconfig"; path = "Pods/Target Support Files/Pods-JoggerUITests/Pods-JoggerUITests.release.xcconfig"; sourceTree = "<group>"; };
		C0BB5B8EF639F548EB2E5316 /* Pods-JoggerTests.release.xcconfig */ = {isa = PBXFileReference; includeInIndex = 1; lastKnownFileType = text.xcconfig; name = "Pods-JoggerTests.release.xcconfig"; path = "Pods/Target Support Files/Pods-JoggerTests/Pods-JoggerTests.release.xcconfig"; sourceTree = "<group>"; };
		CF4EA0A3047502BC2B17B261 /* Pods-Jogger.release.xcconfig */ = {isa = PBXFileReference; includeInIndex = 1; lastKnownFileType = text.xcconfig; name = "Pods-Jogger.release.xcconfig"; path = "Pods/Target Support Files/Pods-Jogger/Pods-Jogger.release.xcconfig"; sourceTree = "<group>"; };
		FEBB3BD9F5DF91C156E4561F /* Pods-JoggerTests.debug.xcconfig */ = {isa = PBXFileReference; includeInIndex = 1; lastKnownFileType = text.xcconfig; name = "Pods-JoggerTests.debug.xcconfig"; path = "Pods/Target Support Files/Pods-JoggerTests/Pods-JoggerTests.debug.xcconfig"; sourceTree = "<group>"; };
/* End PBXFileReference section */

/* Begin PBXFrameworksBuildPhase section */
		275CAD0B1C0A537200190036 /* Frameworks */ = {
			isa = PBXFrameworksBuildPhase;
			buildActionMask = 2147483647;
			files = (
				271777CF1C0A5CD9005FE4E0 /* MapKit.framework in Frameworks */,
				F9DD7630E52C7B8C3EB70CC0 /* libPods-Jogger.a in Frameworks */,
			);
			runOnlyForDeploymentPostprocessing = 0;
		};
		275CAD271C0A537300190036 /* Frameworks */ = {
			isa = PBXFrameworksBuildPhase;
			buildActionMask = 2147483647;
			files = (
				1AB9B65BD37B488CC1787CE1 /* libPods-JoggerTests.a in Frameworks */,
			);
			runOnlyForDeploymentPostprocessing = 0;
		};
		275CAD321C0A537300190036 /* Frameworks */ = {
			isa = PBXFrameworksBuildPhase;
			buildActionMask = 2147483647;
			files = (
				2DD29235C155A4657646E38D /* libPods-JoggerUITests.a in Frameworks */,
			);
			runOnlyForDeploymentPostprocessing = 0;
		};
/* End PBXFrameworksBuildPhase section */

/* Begin PBXGroup section */
		271777E11C0BE84C005FE4E0 /* Model */ = {
			isa = PBXGroup;
			children = (
				271777D01C0AA763005FE4E0 /* Pin.h */,
				271777D11C0AA763005FE4E0 /* Pin.m */,
				271777E91C0D1261005FE4E0 /* FileLogging.h */,
				271777EA1C0D1261005FE4E0 /* FileLogging.m */,
				271777EF1C0D4D5B005FE4E0 /* Trip.h */,
				271777F01C0D4D5B005FE4E0 /* Trip.m */,
				271777F41C0E98CA005FE4E0 /* TripFactory.h */,
				271777F51C0E98CA005FE4E0 /* TripFactory.m */,
				271777FF1C0EA705005FE4E0 /* DDFileReader.h */,
				271778001C0EA705005FE4E0 /* DDFileReader.m */,
				2784878F1C138359003EBCF6 /* TripDrawer.h */,
				278487901C138359003EBCF6 /* TripDrawer.m */,
				27DE815A1C1403C600012334 /* SpeedEvent.h */,
				27DE815F1C140BB500012334 /* SpeedEvent.m */,
			);
			name = Model;
			sourceTree = "<group>";
		};
		271777E21C0BE851005FE4E0 /* View */ = {
			isa = PBXGroup;
			children = (
				275CAD1A1C0A537300190036 /* Main.storyboard */,
				275CAD221C0A537300190036 /* LaunchScreen.storyboard */,
				274F85B31C1BCFE100D83E5A /* MapView.xib */,
			);
			name = View;
			sourceTree = "<group>";
		};
		271777E31C0BE859005FE4E0 /* Controller */ = {
			isa = PBXGroup;
			children = (
				275CAD171C0A537300190036 /* RecordTripViewController.h */,
				275CAD181C0A537300190036 /* RecordTripViewController.m */,
				274F85BC1C1BD0E200D83E5A /* MapViewController.h */,
				274F85BD1C1BD0E200D83E5A /* MapViewController.m */,
				274F85CA1C1BE01900D83E5A /* ScoringViewController.h */,
				274F85CB1C1BE01900D83E5A /* ScoringViewController.m */,
				274F85CF1C2CD24600D83E5A /* MoreViewController.h */,
				274F85D01C2CD24600D83E5A /* MoreViewController.m */,
			);
			name = Controller;
			sourceTree = "<group>";
		};
		275CAD051C0A537200190036 = {
			isa = PBXGroup;
			children = (
				275CAD101C0A537200190036 /* Jogger */,
				275CAD2D1C0A537300190036 /* JoggerTests */,
				275CAD381C0A537300190036 /* JoggerUITests */,
				275CAD0F1C0A537200190036 /* Products */,
				D85E958C61A6E8201722F6EA /* Pods */,
				4B7BC723A10EB4F8FD843ACC /* Frameworks */,
			);
			sourceTree = "<group>";
		};
		275CAD0F1C0A537200190036 /* Products */ = {
			isa = PBXGroup;
			children = (
				275CAD0E1C0A537200190036 /* Jogger.app */,
				275CAD2A1C0A537300190036 /* JoggerTests.xctest */,
				275CAD351C0A537300190036 /* JoggerUITests.xctest */,
			);
			name = Products;
			sourceTree = "<group>";
		};
		275CAD101C0A537200190036 /* Jogger */ = {
			isa = PBXGroup;
			children = (
				271777E31C0BE859005FE4E0 /* Controller */,
				271777E21C0BE851005FE4E0 /* View */,
				271777E11C0BE84C005FE4E0 /* Model */,
				275CAD141C0A537300190036 /* AppDelegate.h */,
				275CAD151C0A537300190036 /* AppDelegate.m */,
				275CAD201C0A537300190036 /* Assets.xcassets */,
				275CAD251C0A537300190036 /* Info.plist */,
				275CAD1D1C0A537300190036 /* Jogger.xcdatamodeld */,
				271777E41C0C0887005FE4E0 /* Localizable.strings */,
				271777EE1C0D1767005FE4E0 /* Numbers.h */,
				271777FE1C0E9C6F005FE4E0 /* Settings.h */,
				271777E81C0C0C58005FE4E0 /* Colors.h */,
				275CAD111C0A537200190036 /* Supporting Files */,
			);
			path = Jogger;
			sourceTree = "<group>";
		};
		275CAD111C0A537200190036 /* Supporting Files */ = {
			isa = PBXGroup;
			children = (
				275CAD121C0A537300190036 /* main.m */,
			);
			name = "Supporting Files";
			sourceTree = "<group>";
		};
		275CAD2D1C0A537300190036 /* JoggerTests */ = {
			isa = PBXGroup;
			children = (
				275CAD2E1C0A537300190036 /* JoggerTests.m */,
				275CAD301C0A537300190036 /* Info.plist */,
			);
			path = JoggerTests;
			sourceTree = "<group>";
		};
		275CAD381C0A537300190036 /* JoggerUITests */ = {
			isa = PBXGroup;
			children = (
				275CAD391C0A537300190036 /* JoggerUITests.m */,
				275CAD3B1C0A537300190036 /* Info.plist */,
			);
			path = JoggerUITests;
			sourceTree = "<group>";
		};
		4B7BC723A10EB4F8FD843ACC /* Frameworks */ = {
			isa = PBXGroup;
			children = (
				271777CE1C0A5CD9005FE4E0 /* MapKit.framework */,
				2030390A92F16C86F93F71E8 /* libPods-Jogger.a */,
				563F756ABA48BDF2A03278A4 /* libPods-JoggerTests.a */,
				3DE0BBD0579EC7439CD61996 /* libPods-JoggerUITests.a */,
			);
			name = Frameworks;
			sourceTree = "<group>";
		};
		D85E958C61A6E8201722F6EA /* Pods */ = {
			isa = PBXGroup;
			children = (
				5F73448426012F956B53160A /* Pods-Jogger.debug.xcconfig */,
				CF4EA0A3047502BC2B17B261 /* Pods-Jogger.release.xcconfig */,
				FEBB3BD9F5DF91C156E4561F /* Pods-JoggerTests.debug.xcconfig */,
				C0BB5B8EF639F548EB2E5316 /* Pods-JoggerTests.release.xcconfig */,
				4CFC0E86FF5BA47D785C2E12 /* Pods-JoggerUITests.debug.xcconfig */,
				8994273B8C82C1F95A3D2A64 /* Pods-JoggerUITests.release.xcconfig */,
			);
			name = Pods;
			sourceTree = "<group>";
		};
/* End PBXGroup section */

/* Begin PBXNativeTarget section */
		275CAD0D1C0A537200190036 /* Jogger */ = {
			isa = PBXNativeTarget;
			buildConfigurationList = 275CAD3E1C0A537300190036 /* Build configuration list for PBXNativeTarget "Jogger" */;
			buildPhases = (
				A8746EA1008DE0A76C538FF3 /* Check Pods Manifest.lock */,
				275CAD0A1C0A537200190036 /* Sources */,
				275CAD0B1C0A537200190036 /* Frameworks */,
				275CAD0C1C0A537200190036 /* Resources */,
				194A95D2F7880607483DBA8F /* Embed Pods Frameworks */,
				629C7EA68E9C4D643FFA5E16 /* Copy Pods Resources */,
			);
			buildRules = (
			);
			dependencies = (
			);
			name = Jogger;
			productName = Jogger;
			productReference = 275CAD0E1C0A537200190036 /* Jogger.app */;
			productType = "com.apple.product-type.application";
		};
		275CAD291C0A537300190036 /* JoggerTests */ = {
			isa = PBXNativeTarget;
			buildConfigurationList = 275CAD411C0A537300190036 /* Build configuration list for PBXNativeTarget "JoggerTests" */;
			buildPhases = (
				A6AEEBE33421885D3C23B23E /* Check Pods Manifest.lock */,
				275CAD261C0A537300190036 /* Sources */,
				275CAD271C0A537300190036 /* Frameworks */,
				275CAD281C0A537300190036 /* Resources */,
				4C36C4B4A6ADF8BB055EDED2 /* Embed Pods Frameworks */,
				389B4415A2D1ECB2B6E48728 /* Copy Pods Resources */,
			);
			buildRules = (
			);
			dependencies = (
				275CAD2C1C0A537300190036 /* PBXTargetDependency */,
			);
			name = JoggerTests;
			productName = JoggerTests;
			productReference = 275CAD2A1C0A537300190036 /* JoggerTests.xctest */;
			productType = "com.apple.product-type.bundle.unit-test";
		};
		275CAD341C0A537300190036 /* JoggerUITests */ = {
			isa = PBXNativeTarget;
			buildConfigurationList = 275CAD441C0A537300190036 /* Build configuration list for PBXNativeTarget "JoggerUITests" */;
			buildPhases = (
				F83111A8E237331EBF77C724 /* Check Pods Manifest.lock */,
				275CAD311C0A537300190036 /* Sources */,
				275CAD321C0A537300190036 /* Frameworks */,
				275CAD331C0A537300190036 /* Resources */,
				0564B8F0324A7CF66B712BD0 /* Copy Pods Resources */,
			);
			buildRules = (
			);
			dependencies = (
				275CAD371C0A537300190036 /* PBXTargetDependency */,
			);
			name = JoggerUITests;
			productName = JoggerUITests;
			productReference = 275CAD351C0A537300190036 /* JoggerUITests.xctest */;
			productType = "com.apple.product-type.bundle.ui-testing";
		};
/* End PBXNativeTarget section */

/* Begin PBXProject section */
		275CAD061C0A537200190036 /* Project object */ = {
			isa = PBXProject;
			attributes = {
				LastUpgradeCheck = 0710;
				ORGANIZATIONNAME = sin;
				TargetAttributes = {
					275CAD0D1C0A537200190036 = {
						CreatedOnToolsVersion = 7.1.1;
					};
					275CAD291C0A537300190036 = {
						CreatedOnToolsVersion = 7.1.1;
						TestTargetID = 275CAD0D1C0A537200190036;
					};
					275CAD341C0A537300190036 = {
						CreatedOnToolsVersion = 7.1.1;
						TestTargetID = 275CAD0D1C0A537200190036;
					};
				};
			};
			buildConfigurationList = 275CAD091C0A537200190036 /* Build configuration list for PBXProject "Jogger" */;
			compatibilityVersion = "Xcode 3.2";
			developmentRegion = English;
			hasScannedForEncodings = 0;
			knownRegions = (
				en,
				Base,
			);
			mainGroup = 275CAD051C0A537200190036;
			productRefGroup = 275CAD0F1C0A537200190036 /* Products */;
			projectDirPath = "";
			projectRoot = "";
			targets = (
				275CAD0D1C0A537200190036 /* Jogger */,
				275CAD291C0A537300190036 /* JoggerTests */,
				275CAD341C0A537300190036 /* JoggerUITests */,
			);
		};
/* End PBXProject section */

/* Begin PBXResourcesBuildPhase section */
		275CAD0C1C0A537200190036 /* Resources */ = {
			isa = PBXResourcesBuildPhase;
			buildActionMask = 2147483647;
			files = (
				275CAD241C0A537300190036 /* LaunchScreen.storyboard in Resources */,
				271777E51C0C0887005FE4E0 /* Localizable.strings in Resources */,
				275CAD211C0A537300190036 /* Assets.xcassets in Resources */,
				275CAD1C1C0A537300190036 /* Main.storyboard in Resources */,
				274F85B41C1BCFE100D83E5A /* MapView.xib in Resources */,
			);
			runOnlyForDeploymentPostprocessing = 0;
		};
		275CAD281C0A537300190036 /* Resources */ = {
			isa = PBXResourcesBuildPhase;
			buildActionMask = 2147483647;
			files = (
				271777E61C0C0887005FE4E0 /* Localizable.strings in Resources */,
				274F85B51C1BCFE100D83E5A /* MapView.xib in Resources */,
			);
			runOnlyForDeploymentPostprocessing = 0;
		};
		275CAD331C0A537300190036 /* Resources */ = {
			isa = PBXResourcesBuildPhase;
			buildActionMask = 2147483647;
			files = (
				271777E71C0C0887005FE4E0 /* Localizable.strings in Resources */,
				274F85B61C1BCFE100D83E5A /* MapView.xib in Resources */,
			);
			runOnlyForDeploymentPostprocessing = 0;
		};
/* End PBXResourcesBuildPhase section */

/* Begin PBXShellScriptBuildPhase section */
		0564B8F0324A7CF66B712BD0 /* Copy Pods Resources */ = {
			isa = PBXShellScriptBuildPhase;
			buildActionMask = 2147483647;
			files = (
			);
			inputPaths = (
			);
			name = "Copy Pods Resources";
			outputPaths = (
			);
			runOnlyForDeploymentPostprocessing = 0;
			shellPath = /bin/sh;
			shellScript = "\"${SRCROOT}/Pods/Target Support Files/Pods-JoggerUITests/Pods-JoggerUITests-resources.sh\"\n";
			showEnvVarsInLog = 0;
		};
		194A95D2F7880607483DBA8F /* Embed Pods Frameworks */ = {
			isa = PBXShellScriptBuildPhase;
			buildActionMask = 2147483647;
			files = (
			);
			inputPaths = (
			);
			name = "Embed Pods Frameworks";
			outputPaths = (
			);
			runOnlyForDeploymentPostprocessing = 0;
			shellPath = /bin/sh;
			shellScript = "\"${SRCROOT}/Pods/Target Support Files/Pods-Jogger/Pods-Jogger-frameworks.sh\"\n";
			showEnvVarsInLog = 0;
		};
		389B4415A2D1ECB2B6E48728 /* Copy Pods Resources */ = {
			isa = PBXShellScriptBuildPhase;
			buildActionMask = 2147483647;
			files = (
			);
			inputPaths = (
			);
			name = "Copy Pods Resources";
			outputPaths = (
			);
			runOnlyForDeploymentPostprocessing = 0;
			shellPath = /bin/sh;
			shellScript = "\"${SRCROOT}/Pods/Target Support Files/Pods-JoggerTests/Pods-JoggerTests-resources.sh\"\n";
			showEnvVarsInLog = 0;
		};
		4C36C4B4A6ADF8BB055EDED2 /* Embed Pods Frameworks */ = {
			isa = PBXShellScriptBuildPhase;
			buildActionMask = 2147483647;
			files = (
			);
			inputPaths = (
			);
			name = "Embed Pods Frameworks";
			outputPaths = (
			);
			runOnlyForDeploymentPostprocessing = 0;
			shellPath = /bin/sh;
			shellScript = "\"${SRCROOT}/Pods/Target Support Files/Pods-JoggerTests/Pods-JoggerTests-frameworks.sh\"\n";
			showEnvVarsInLog = 0;
		};
		629C7EA68E9C4D643FFA5E16 /* Copy Pods Resources */ = {
			isa = PBXShellScriptBuildPhase;
			buildActionMask = 2147483647;
			files = (
			);
			inputPaths = (
			);
			name = "Copy Pods Resources";
			outputPaths = (
			);
			runOnlyForDeploymentPostprocessing = 0;
			shellPath = /bin/sh;
			shellScript = "\"${SRCROOT}/Pods/Target Support Files/Pods-Jogger/Pods-Jogger-resources.sh\"\n";
			showEnvVarsInLog = 0;
		};
		A6AEEBE33421885D3C23B23E /* Check Pods Manifest.lock */ = {
			isa = PBXShellScriptBuildPhase;
			buildActionMask = 2147483647;
			files = (
			);
			inputPaths = (
			);
			name = "Check Pods Manifest.lock";
			outputPaths = (
			);
			runOnlyForDeploymentPostprocessing = 0;
			shellPath = /bin/sh;
			shellScript = "diff \"${PODS_ROOT}/../Podfile.lock\" \"${PODS_ROOT}/Manifest.lock\" > /dev/null\nif [[ $? != 0 ]] ; then\n    cat << EOM\nerror: The sandbox is not in sync with the Podfile.lock. Run 'pod install' or update your CocoaPods installation.\nEOM\n    exit 1\nfi\n";
			showEnvVarsInLog = 0;
		};
		A8746EA1008DE0A76C538FF3 /* Check Pods Manifest.lock */ = {
			isa = PBXShellScriptBuildPhase;
			buildActionMask = 2147483647;
			files = (
			);
			inputPaths = (
			);
			name = "Check Pods Manifest.lock";
			outputPaths = (
			);
			runOnlyForDeploymentPostprocessing = 0;
			shellPath = /bin/sh;
			shellScript = "diff \"${PODS_ROOT}/../Podfile.lock\" \"${PODS_ROOT}/Manifest.lock\" > /dev/null\nif [[ $? != 0 ]] ; then\n    cat << EOM\nerror: The sandbox is not in sync with the Podfile.lock. Run 'pod install' or update your CocoaPods installation.\nEOM\n    exit 1\nfi\n";
			showEnvVarsInLog = 0;
		};
		F83111A8E237331EBF77C724 /* Check Pods Manifest.lock */ = {
			isa = PBXShellScriptBuildPhase;
			buildActionMask = 2147483647;
			files = (
			);
			inputPaths = (
			);
			name = "Check Pods Manifest.lock";
			outputPaths = (
			);
			runOnlyForDeploymentPostprocessing = 0;
			shellPath = /bin/sh;
			shellScript = "diff \"${PODS_ROOT}/../Podfile.lock\" \"${PODS_ROOT}/Manifest.lock\" > /dev/null\nif [[ $? != 0 ]] ; then\n    cat << EOM\nerror: The sandbox is not in sync with the Podfile.lock. Run 'pod install' or update your CocoaPods installation.\nEOM\n    exit 1\nfi\n";
			showEnvVarsInLog = 0;
		};
/* End PBXShellScriptBuildPhase section */

/* Begin PBXSourcesBuildPhase section */
		275CAD0A1C0A537200190036 /* Sources */ = {
			isa = PBXSourcesBuildPhase;
			buildActionMask = 2147483647;
			files = (
				27DE81601C140BB500012334 /* SpeedEvent.m in Sources */,
				275CAD191C0A537300190036 /* RecordTripViewController.m in Sources */,
				275CAD1F1C0A537300190036 /* Jogger.xcdatamodeld in Sources */,
				274F85BE1C1BD0E200D83E5A /* MapViewController.m in Sources */,
				271777F11C0D4D5B005FE4E0 /* Trip.m in Sources */,
				274F85D11C2CD24600D83E5A /* MoreViewController.m in Sources */,
				274F85CC1C1BE01900D83E5A /* ScoringViewController.m in Sources */,
				278487911C138359003EBCF6 /* TripDrawer.m in Sources */,
				275CAD161C0A537300190036 /* AppDelegate.m in Sources */,
				271777EB1C0D1261005FE4E0 /* FileLogging.m in Sources */,
				271777D21C0AA763005FE4E0 /* Pin.m in Sources */,
				275CAD131C0A537300190036 /* main.m in Sources */,
				271778011C0EA705005FE4E0 /* DDFileReader.m in Sources */,
				271777F61C0E98CA005FE4E0 /* TripFactory.m in Sources */,
			);
			runOnlyForDeploymentPostprocessing = 0;
		};
		275CAD261C0A537300190036 /* Sources */ = {
			isa = PBXSourcesBuildPhase;
			buildActionMask = 2147483647;
			files = (
				271777F21C0D4D5B005FE4E0 /* Trip.m in Sources */,
				271778021C0EA705005FE4E0 /* DDFileReader.m in Sources */,
				27DE81611C140BB500012334 /* SpeedEvent.m in Sources */,
				274F85BF1C1BD0E200D83E5A /* MapViewController.m in Sources */,
				274F85CD1C1BE01900D83E5A /* ScoringViewController.m in Sources */,
				271777EC1C0D1261005FE4E0 /* FileLogging.m in Sources */,
				278487921C138359003EBCF6 /* TripDrawer.m in Sources */,
				275CAD2F1C0A537300190036 /* JoggerTests.m in Sources */,
				271777F71C0E98CA005FE4E0 /* TripFactory.m in Sources */,
				274F85D21C2CD24600D83E5A /* MoreViewController.m in Sources */,
				271777D31C0AA763005FE4E0 /* Pin.m in Sources */,
			);
			runOnlyForDeploymentPostprocessing = 0;
		};
		275CAD311C0A537300190036 /* Sources */ = {
			isa = PBXSourcesBuildPhase;
			buildActionMask = 2147483647;
			files = (
				271777F31C0D4D5B005FE4E0 /* Trip.m in Sources */,
				271778031C0EA705005FE4E0 /* DDFileReader.m in Sources */,
				27DE81621C140BB500012334 /* SpeedEvent.m in Sources */,
				274F85C01C1BD0E200D83E5A /* MapViewController.m in Sources */,
				274F85CE1C1BE01900D83E5A /* ScoringViewController.m in Sources */,
				271777ED1C0D1261005FE4E0 /* FileLogging.m in Sources */,
				278487931C138359003EBCF6 /* TripDrawer.m in Sources */,
				275CAD3A1C0A537300190036 /* JoggerUITests.m in Sources */,
				271777F81C0E98CA005FE4E0 /* TripFactory.m in Sources */,
				274F85D31C2CD24600D83E5A /* MoreViewController.m in Sources */,
				271777D41C0AA763005FE4E0 /* Pin.m in Sources */,
			);
			runOnlyForDeploymentPostprocessing = 0;
		};
/* End PBXSourcesBuildPhase section */

/* Begin PBXTargetDependency section */
		275CAD2C1C0A537300190036 /* PBXTargetDependency */ = {
			isa = PBXTargetDependency;
			target = 275CAD0D1C0A537200190036 /* Jogger */;
			targetProxy = 275CAD2B1C0A537300190036 /* PBXContainerItemProxy */;
		};
		275CAD371C0A537300190036 /* PBXTargetDependency */ = {
			isa = PBXTargetDependency;
			target = 275CAD0D1C0A537200190036 /* Jogger */;
			targetProxy = 275CAD361C0A537300190036 /* PBXContainerItemProxy */;
		};
/* End PBXTargetDependency section */

/* Begin PBXVariantGroup section */
		275CAD1A1C0A537300190036 /* Main.storyboard */ = {
			isa = PBXVariantGroup;
			children = (
				275CAD1B1C0A537300190036 /* Base */,
			);
			name = Main.storyboard;
			sourceTree = "<group>";
		};
		275CAD221C0A537300190036 /* LaunchScreen.storyboard */ = {
			isa = PBXVariantGroup;
			children = (
				275CAD231C0A537300190036 /* Base */,
			);
			name = LaunchScreen.storyboard;
			sourceTree = "<group>";
		};
/* End PBXVariantGroup section */

/* Begin XCBuildConfiguration section */
		275CAD3C1C0A537300190036 /* Debug */ = {
			isa = XCBuildConfiguration;
			buildSettings = {
				ALWAYS_SEARCH_USER_PATHS = NO;
				CLANG_CXX_LANGUAGE_STANDARD = "gnu++0x";
				CLANG_CXX_LIBRARY = "libc++";
				CLANG_ENABLE_MODULES = YES;
				CLANG_ENABLE_OBJC_ARC = YES;
				CLANG_WARN_BOOL_CONVERSION = YES;
				CLANG_WARN_CONSTANT_CONVERSION = YES;
				CLANG_WARN_DIRECT_OBJC_ISA_USAGE = YES_ERROR;
				CLANG_WARN_EMPTY_BODY = YES;
				CLANG_WARN_ENUM_CONVERSION = YES;
				CLANG_WARN_INT_CONVERSION = YES;
				CLANG_WARN_OBJC_ROOT_CLASS = YES_ERROR;
				CLANG_WARN_UNREACHABLE_CODE = YES;
				CLANG_WARN__DUPLICATE_METHOD_MATCH = YES;
				"CODE_SIGN_IDENTITY[sdk=iphoneos*]" = "iPhone Developer";
				COPY_PHASE_STRIP = NO;
				DEBUG_INFORMATION_FORMAT = dwarf;
				ENABLE_STRICT_OBJC_MSGSEND = YES;
				ENABLE_TESTABILITY = YES;
				GCC_C_LANGUAGE_STANDARD = gnu99;
				GCC_DYNAMIC_NO_PIC = NO;
				GCC_NO_COMMON_BLOCKS = YES;
				GCC_OPTIMIZATION_LEVEL = 0;
				GCC_PREPROCESSOR_DEFINITIONS = (
					"DEBUG=1",
					"$(inherited)",
				);
				GCC_WARN_64_TO_32_BIT_CONVERSION = YES;
				GCC_WARN_ABOUT_RETURN_TYPE = YES_ERROR;
				GCC_WARN_UNDECLARED_SELECTOR = YES;
				GCC_WARN_UNINITIALIZED_AUTOS = YES_AGGRESSIVE;
				GCC_WARN_UNUSED_FUNCTION = YES;
				GCC_WARN_UNUSED_VARIABLE = YES;
				IPHONEOS_DEPLOYMENT_TARGET = 9.1;
				MTL_ENABLE_DEBUG_INFO = YES;
				ONLY_ACTIVE_ARCH = YES;
				SDKROOT = iphoneos;
			};
			name = Debug;
		};
		275CAD3D1C0A537300190036 /* Release */ = {
			isa = XCBuildConfiguration;
			buildSettings = {
				ALWAYS_SEARCH_USER_PATHS = NO;
				CLANG_CXX_LANGUAGE_STANDARD = "gnu++0x";
				CLANG_CXX_LIBRARY = "libc++";
				CLANG_ENABLE_MODULES = YES;
				CLANG_ENABLE_OBJC_ARC = YES;
				CLANG_WARN_BOOL_CONVERSION = YES;
				CLANG_WARN_CONSTANT_CONVERSION = YES;
				CLANG_WARN_DIRECT_OBJC_ISA_USAGE = YES_ERROR;
				CLANG_WARN_EMPTY_BODY = YES;
				CLANG_WARN_ENUM_CONVERSION = YES;
				CLANG_WARN_INT_CONVERSION = YES;
				CLANG_WARN_OBJC_ROOT_CLASS = YES_ERROR;
				CLANG_WARN_UNREACHABLE_CODE = YES;
				CLANG_WARN__DUPLICATE_METHOD_MATCH = YES;
				"CODE_SIGN_IDENTITY[sdk=iphoneos*]" = "iPhone Developer";
				COPY_PHASE_STRIP = NO;
				DEBUG_INFORMATION_FORMAT = "dwarf-with-dsym";
				ENABLE_NS_ASSERTIONS = NO;
				ENABLE_STRICT_OBJC_MSGSEND = YES;
				GCC_C_LANGUAGE_STANDARD = gnu99;
				GCC_NO_COMMON_BLOCKS = YES;
				GCC_WARN_64_TO_32_BIT_CONVERSION = YES;
				GCC_WARN_ABOUT_RETURN_TYPE = YES_ERROR;
				GCC_WARN_UNDECLARED_SELECTOR = YES;
				GCC_WARN_UNINITIALIZED_AUTOS = YES_AGGRESSIVE;
				GCC_WARN_UNUSED_FUNCTION = YES;
				GCC_WARN_UNUSED_VARIABLE = YES;
				IPHONEOS_DEPLOYMENT_TARGET = 9.1;
				MTL_ENABLE_DEBUG_INFO = NO;
				SDKROOT = iphoneos;
				VALIDATE_PRODUCT = YES;
			};
			name = Release;
		};
		275CAD3F1C0A537300190036 /* Debug */ = {
			isa = XCBuildConfiguration;
			baseConfigurationReference = 5F73448426012F956B53160A /* Pods-Jogger.debug.xcconfig */;
			buildSettings = {
				ASSETCATALOG_COMPILER_APPICON_NAME = AppIcon;
				INFOPLIST_FILE = Jogger/Info.plist;
				LD_RUNPATH_SEARCH_PATHS = "$(inherited) @executable_path/Frameworks";
				PRODUCT_BUNDLE_IDENTIFIER = com.sin.Jogger;
				PRODUCT_NAME = "$(TARGET_NAME)";
			};
			name = Debug;
		};
		275CAD401C0A537300190036 /* Release */ = {
			isa = XCBuildConfiguration;
			baseConfigurationReference = CF4EA0A3047502BC2B17B261 /* Pods-Jogger.release.xcconfig */;
			buildSettings = {
				ASSETCATALOG_COMPILER_APPICON_NAME = AppIcon;
				INFOPLIST_FILE = Jogger/Info.plist;
				LD_RUNPATH_SEARCH_PATHS = "$(inherited) @executable_path/Frameworks";
				PRODUCT_BUNDLE_IDENTIFIER = com.sin.Jogger;
				PRODUCT_NAME = "$(TARGET_NAME)";
			};
			name = Release;
		};
		275CAD421C0A537300190036 /* Debug */ = {
			isa = XCBuildConfiguration;
			baseConfigurationReference = FEBB3BD9F5DF91C156E4561F /* Pods-JoggerTests.debug.xcconfig */;
			buildSettings = {
				BUNDLE_LOADER = "$(TEST_HOST)";
				INFOPLIST_FILE = JoggerTests/Info.plist;
				LD_RUNPATH_SEARCH_PATHS = "$(inherited) @executable_path/Frameworks @loader_path/Frameworks";
				PRODUCT_BUNDLE_IDENTIFIER = com.sin.JoggerTests;
				PRODUCT_NAME = "$(TARGET_NAME)";
				TEST_HOST = "$(BUILT_PRODUCTS_DIR)/Jogger.app/Jogger";
			};
			name = Debug;
		};
		275CAD431C0A537300190036 /* Release */ = {
			isa = XCBuildConfiguration;
			baseConfigurationReference = C0BB5B8EF639F548EB2E5316 /* Pods-JoggerTests.release.xcconfig */;
			buildSettings = {
				BUNDLE_LOADER = "$(TEST_HOST)";
				INFOPLIST_FILE = JoggerTests/Info.plist;
				LD_RUNPATH_SEARCH_PATHS = "$(inherited) @executable_path/Frameworks @loader_path/Frameworks";
				PRODUCT_BUNDLE_IDENTIFIER = com.sin.JoggerTests;
				PRODUCT_NAME = "$(TARGET_NAME)";
				TEST_HOST = "$(BUILT_PRODUCTS_DIR)/Jogger.app/Jogger";
			};
			name = Release;
		};
		275CAD451C0A537300190036 /* Debug */ = {
			isa = XCBuildConfiguration;
			baseConfigurationReference = 4CFC0E86FF5BA47D785C2E12 /* Pods-JoggerUITests.debug.xcconfig */;
			buildSettings = {
				INFOPLIST_FILE = JoggerUITests/Info.plist;
				LD_RUNPATH_SEARCH_PATHS = "$(inherited) @executable_path/Frameworks @loader_path/Frameworks";
				PRODUCT_BUNDLE_IDENTIFIER = com.sin.JoggerUITests;
				PRODUCT_NAME = "$(TARGET_NAME)";
				TEST_TARGET_NAME = Jogger;
				USES_XCTRUNNER = YES;
			};
			name = Debug;
		};
		275CAD461C0A537300190036 /* Release */ = {
			isa = XCBuildConfiguration;
			baseConfigurationReference = 8994273B8C82C1F95A3D2A64 /* Pods-JoggerUITests.release.xcconfig */;
			buildSettings = {
				INFOPLIST_FILE = JoggerUITests/Info.plist;
				LD_RUNPATH_SEARCH_PATHS = "$(inherited) @executable_path/Frameworks @loader_path/Frameworks";
				PRODUCT_BUNDLE_IDENTIFIER = com.sin.JoggerUITests;
				PRODUCT_NAME = "$(TARGET_NAME)";
				TEST_TARGET_NAME = Jogger;
				USES_XCTRUNNER = YES;
			};
			name = Release;
		};
/* End XCBuildConfiguration section */

/* Begin XCConfigurationList section */
		275CAD091C0A537200190036 /* Build configuration list for PBXProject "Jogger" */ = {
			isa = XCConfigurationList;
			buildConfigurations = (
				275CAD3C1C0A537300190036 /* Debug */,
				275CAD3D1C0A537300190036 /* Release */,
			);
			defaultConfigurationIsVisible = 0;
			defaultConfigurationName = Release;
		};
		275CAD3E1C0A537300190036 /* Build configuration list for PBXNativeTarget "Jogger" */ = {
			isa = XCConfigurationList;
			buildConfigurations = (
				275CAD3F1C0A537300190036 /* Debug */,
				275CAD401C0A537300190036 /* Release */,
			);
			defaultConfigurationIsVisible = 0;
			defaultConfigurationName = Release;
		};
		275CAD411C0A537300190036 /* Build configuration list for PBXNativeTarget "JoggerTests" */ = {
			isa = XCConfigurationList;
			buildConfigurations = (
				275CAD421C0A537300190036 /* Debug */,
				275CAD431C0A537300190036 /* Release */,
			);
			defaultConfigurationIsVisible = 0;
			defaultConfigurationName = Release;
		};
		275CAD441C0A537300190036 /* Build configuration list for PBXNativeTarget "JoggerUITests" */ = {
			isa = XCConfigurationList;
			buildConfigurations = (
				275CAD451C0A537300190036 /* Debug */,
				275CAD461C0A537300190036 /* Release */,
			);
			defaultConfigurationIsVisible = 0;
			defaultConfigurationName = Release;
		};
/* End XCConfigurationList section */

/* Begin XCVersionGroup section */
		275CAD1D1C0A537300190036 /* Jogger.xcdatamodeld */ = {
			isa = XCVersionGroup;
			children = (
				275CAD1E1C0A537300190036 /* Jogger.xcdatamodel */,
			);
			currentVersion = 275CAD1E1C0A537300190036 /* Jogger.xcdatamodel */;
			path = Jogger.xcdatamodeld;
			sourceTree = "<group>";
			versionGroupType = wrapper.xcdatamodel;
		};
/* End XCVersionGroup section */
	};
	rootObject = 275CAD061C0A537200190036 /* Project object */;
}
